
Microsoft Visual Studio Solution File, Format Version 12.00
# Visual Studio 15
VisualStudioVersion = 15.0.27130.2036
MinimumVisualStudioVersion = 10.0.40219.1
Project("{8BC9CEB8-8B4A-11D0-8D11-00A0C91BC942}") = "3_5_连续相同数字个数", "3_5_连续相同数字个数\3_5_连续相同数字个数.vcxproj", "{2FA4D725-50FE-4049-B998-D5EBE71CCEA0}"
EndProject
Global
	GlobalSection(SolutionConfigurationPlatforms) = preSolution
		Debug|x64 = Debug|x64
		Debug|x86 = Debug|x86
		Release|x64 = Release|x64
		Release|x86 = Release|x86
	EndGlobalSection
	GlobalSection(ProjectConfigurationPlatforms) = postSolution
		{2FA4D725-50FE-4049-B998-D5EBE71CCEA0}.Debug|x64.ActiveCfg = Debug|x64
		{2FA4D725-50FE-4049-B998-D5EBE71CCEA0}.Debug|x64.Build.0 = Debug|x64
		{2FA4D725-50FE-4049-B998-D5EBE71CCEA0}.Debug|x86.ActiveCfg = Debug|Win32
		{2FA4D725-50FE-4049-B998-D5EBE71CCEA0}.Debug|x86.Build.0 = Debug|Win32
		{2FA4D725-50FE-4049-B998-D5EBE71CCEA0}.Release|x64.ActiveCfg = Release|x64
		{2FA4D725-50FE-4049-B998-D5EBE71CCEA0}.Release|x64.Build.0 = Release|x64
		{2FA4D725-50FE-4049-B998-D5EBE71CCEA0}.Release|x86.ActiveCfg = Release|Win32
		{2FA4D725-50FE-4049-B998-D5EBE71CCEA0}.Release|x86.Build.0 = Release|Win32
	EndGlobalSection
	GlobalSection(SolutionProperties) = preSolution
		HideSolutionNode = FALSE
	EndGlobalSection
	GlobalSection(ExtensibilityGlobals) = postSolution
		SolutionGuid = {716E79A8-4704-45F9-A9F0-AACCB0B7C7CD}
	EndGlobalSection
EndGlobal
