
Microsoft Visual Studio Solution File, Format Version 12.00
# Visual Studio 15
VisualStudioVersion = 15.0.27130.2036
MinimumVisualStudioVersion = 10.0.40219.1
Project("{8BC9CEB8-8B4A-11D0-8D11-00A0C91BC942}") = "2_3_caesar_code", "2_3_caesar_code\2_3_caesar_code.vcxproj", "{55371FB1-52BE-4B71-B944-3EC37E31DBD0}"
EndProject
Global
	GlobalSection(SolutionConfigurationPlatforms) = preSolution
		Debug|x64 = Debug|x64
		Debug|x86 = Debug|x86
		Release|x64 = Release|x64
		Release|x86 = Release|x86
	EndGlobalSection
	GlobalSection(ProjectConfigurationPlatforms) = postSolution
		{55371FB1-52BE-4B71-B944-3EC37E31DBD0}.Debug|x64.ActiveCfg = Debug|x64
		{55371FB1-52BE-4B71-B944-3EC37E31DBD0}.Debug|x64.Build.0 = Debug|x64
		{55371FB1-52BE-4B71-B944-3EC37E31DBD0}.Debug|x86.ActiveCfg = Debug|Win32
		{55371FB1-52BE-4B71-B944-3EC37E31DBD0}.Debug|x86.Build.0 = Debug|Win32
		{55371FB1-52BE-4B71-B944-3EC37E31DBD0}.Release|x64.ActiveCfg = Release|x64
		{55371FB1-52BE-4B71-B944-3EC37E31DBD0}.Release|x64.Build.0 = Release|x64
		{55371FB1-52BE-4B71-B944-3EC37E31DBD0}.Release|x86.ActiveCfg = Release|Win32
		{55371FB1-52BE-4B71-B944-3EC37E31DBD0}.Release|x86.Build.0 = Release|Win32
	EndGlobalSection
	GlobalSection(SolutionProperties) = preSolution
		HideSolutionNode = FALSE
	EndGlobalSection
	GlobalSection(ExtensibilityGlobals) = postSolution
		SolutionGuid = {40DBD0EE-B44C-4AF6-BA71-80B6CA58540D}
	EndGlobalSection
EndGlobal
