
Microsoft Visual Studio Solution File, Format Version 12.00
# Visual Studio 15
VisualStudioVersion = 15.0.27130.2036
MinimumVisualStudioVersion = 10.0.40219.1
Project("{8BC9CEB8-8B4A-11D0-8D11-00A0C91BC942}") = "2_5_solution", "2_5_solution\2_5_solution.vcxproj", "{181D03AB-EC2B-460D-B8E1-DD4BA4D75A1A}"
EndProject
Global
	GlobalSection(SolutionConfigurationPlatforms) = preSolution
		Debug|x64 = Debug|x64
		Debug|x86 = Debug|x86
		Release|x64 = Release|x64
		Release|x86 = Release|x86
	EndGlobalSection
	GlobalSection(ProjectConfigurationPlatforms) = postSolution
		{181D03AB-EC2B-460D-B8E1-DD4BA4D75A1A}.Debug|x64.ActiveCfg = Debug|x64
		{181D03AB-EC2B-460D-B8E1-DD4BA4D75A1A}.Debug|x64.Build.0 = Debug|x64
		{181D03AB-EC2B-460D-B8E1-DD4BA4D75A1A}.Debug|x86.ActiveCfg = Debug|Win32
		{181D03AB-EC2B-460D-B8E1-DD4BA4D75A1A}.Debug|x86.Build.0 = Debug|Win32
		{181D03AB-EC2B-460D-B8E1-DD4BA4D75A1A}.Release|x64.ActiveCfg = Release|x64
		{181D03AB-EC2B-460D-B8E1-DD4BA4D75A1A}.Release|x64.Build.0 = Release|x64
		{181D03AB-EC2B-460D-B8E1-DD4BA4D75A1A}.Release|x86.ActiveCfg = Release|Win32
		{181D03AB-EC2B-460D-B8E1-DD4BA4D75A1A}.Release|x86.Build.0 = Release|Win32
	EndGlobalSection
	GlobalSection(SolutionProperties) = preSolution
		HideSolutionNode = FALSE
	EndGlobalSection
	GlobalSection(ExtensibilityGlobals) = postSolution
		SolutionGuid = {3A090D2B-7405-420D-9D2A-729C039EEF9C}
	EndGlobalSection
EndGlobal
