
Microsoft Visual Studio Solution File, Format Version 12.00
# Visual Studio 15
VisualStudioVersion = 15.0.27130.2036
MinimumVisualStudioVersion = 10.0.40219.1
Project("{8BC9CEB8-8B4A-11D0-8D11-00A0C91BC942}") = "纸本作业2_2_stupity", "纸本作业2_2_stupity\纸本作业2_2_stupity.vcxproj", "{B67E6D9E-6B4B-49D1-B793-7E0B64DE73EC}"
EndProject
Global
	GlobalSection(SolutionConfigurationPlatforms) = preSolution
		Debug|x64 = Debug|x64
		Debug|x86 = Debug|x86
		Release|x64 = Release|x64
		Release|x86 = Release|x86
	EndGlobalSection
	GlobalSection(ProjectConfigurationPlatforms) = postSolution
		{B67E6D9E-6B4B-49D1-B793-7E0B64DE73EC}.Debug|x64.ActiveCfg = Debug|x64
		{B67E6D9E-6B4B-49D1-B793-7E0B64DE73EC}.Debug|x64.Build.0 = Debug|x64
		{B67E6D9E-6B4B-49D1-B793-7E0B64DE73EC}.Debug|x86.ActiveCfg = Debug|Win32
		{B67E6D9E-6B4B-49D1-B793-7E0B64DE73EC}.Debug|x86.Build.0 = Debug|Win32
		{B67E6D9E-6B4B-49D1-B793-7E0B64DE73EC}.Release|x64.ActiveCfg = Release|x64
		{B67E6D9E-6B4B-49D1-B793-7E0B64DE73EC}.Release|x64.Build.0 = Release|x64
		{B67E6D9E-6B4B-49D1-B793-7E0B64DE73EC}.Release|x86.ActiveCfg = Release|Win32
		{B67E6D9E-6B4B-49D1-B793-7E0B64DE73EC}.Release|x86.Build.0 = Release|Win32
	EndGlobalSection
	GlobalSection(SolutionProperties) = preSolution
		HideSolutionNode = FALSE
	EndGlobalSection
	GlobalSection(ExtensibilityGlobals) = postSolution
		SolutionGuid = {02EB257B-7542-42E9-BFB1-1417F91C969F}
	EndGlobalSection
EndGlobal
