
Microsoft Visual Studio Solution File, Format Version 12.00
# Visual Studio 15
VisualStudioVersion = 15.0.27130.2036
MinimumVisualStudioVersion = 10.0.40219.1
Project("{8BC9CEB8-8B4A-11D0-8D11-00A0C91BC942}") = "5_2_max_or_min", "5_2_max_or_min\5_2_max_or_min.vcxproj", "{A3ADF7EB-8E1C-40E9-A003-FA8255E066CC}"
EndProject
Global
	GlobalSection(SolutionConfigurationPlatforms) = preSolution
		Debug|x64 = Debug|x64
		Debug|x86 = Debug|x86
		Release|x64 = Release|x64
		Release|x86 = Release|x86
	EndGlobalSection
	GlobalSection(ProjectConfigurationPlatforms) = postSolution
		{A3ADF7EB-8E1C-40E9-A003-FA8255E066CC}.Debug|x64.ActiveCfg = Debug|x64
		{A3ADF7EB-8E1C-40E9-A003-FA8255E066CC}.Debug|x64.Build.0 = Debug|x64
		{A3ADF7EB-8E1C-40E9-A003-FA8255E066CC}.Debug|x86.ActiveCfg = Debug|Win32
		{A3ADF7EB-8E1C-40E9-A003-FA8255E066CC}.Debug|x86.Build.0 = Debug|Win32
		{A3ADF7EB-8E1C-40E9-A003-FA8255E066CC}.Release|x64.ActiveCfg = Release|x64
		{A3ADF7EB-8E1C-40E9-A003-FA8255E066CC}.Release|x64.Build.0 = Release|x64
		{A3ADF7EB-8E1C-40E9-A003-FA8255E066CC}.Release|x86.ActiveCfg = Release|Win32
		{A3ADF7EB-8E1C-40E9-A003-FA8255E066CC}.Release|x86.Build.0 = Release|Win32
	EndGlobalSection
	GlobalSection(SolutionProperties) = preSolution
		HideSolutionNode = FALSE
	EndGlobalSection
	GlobalSection(ExtensibilityGlobals) = postSolution
		SolutionGuid = {890965FF-C652-49B7-8104-CE65F900B4D5}
	EndGlobalSection
EndGlobal
