
Microsoft Visual Studio Solution File, Format Version 12.00
# Visual Studio 15
VisualStudioVersion = 15.0.27130.2036
MinimumVisualStudioVersion = 10.0.40219.1
Project("{8BC9CEB8-8B4A-11D0-8D11-00A0C91BC942}") = "2_2_count", "2_2_count\2_2_count.vcxproj", "{561D2E76-8575-4410-B9BF-80E65C32F550}"
EndProject
Global
	GlobalSection(SolutionConfigurationPlatforms) = preSolution
		Debug|x64 = Debug|x64
		Debug|x86 = Debug|x86
		Release|x64 = Release|x64
		Release|x86 = Release|x86
	EndGlobalSection
	GlobalSection(ProjectConfigurationPlatforms) = postSolution
		{561D2E76-8575-4410-B9BF-80E65C32F550}.Debug|x64.ActiveCfg = Debug|x64
		{561D2E76-8575-4410-B9BF-80E65C32F550}.Debug|x64.Build.0 = Debug|x64
		{561D2E76-8575-4410-B9BF-80E65C32F550}.Debug|x86.ActiveCfg = Debug|Win32
		{561D2E76-8575-4410-B9BF-80E65C32F550}.Debug|x86.Build.0 = Debug|Win32
		{561D2E76-8575-4410-B9BF-80E65C32F550}.Release|x64.ActiveCfg = Release|x64
		{561D2E76-8575-4410-B9BF-80E65C32F550}.Release|x64.Build.0 = Release|x64
		{561D2E76-8575-4410-B9BF-80E65C32F550}.Release|x86.ActiveCfg = Release|Win32
		{561D2E76-8575-4410-B9BF-80E65C32F550}.Release|x86.Build.0 = Release|Win32
	EndGlobalSection
	GlobalSection(SolutionProperties) = preSolution
		HideSolutionNode = FALSE
	EndGlobalSection
	GlobalSection(ExtensibilityGlobals) = postSolution
		SolutionGuid = {C435938E-A730-4AFD-9B26-ABA4BDB3F85E}
	EndGlobalSection
EndGlobal
