
Microsoft Visual Studio Solution File, Format Version 12.00
# Visual Studio 15
VisualStudioVersion = 15.0.27130.2036
MinimumVisualStudioVersion = 10.0.40219.1
Project("{8BC9CEB8-8B4A-11D0-8D11-00A0C91BC942}") = "8_1_group5", "8_1_group5\8_1_group5.vcxproj", "{4BFE14C8-A969-48C2-AAC8-79D1AF630515}"
EndProject
Global
	GlobalSection(SolutionConfigurationPlatforms) = preSolution
		Debug|x64 = Debug|x64
		Debug|x86 = Debug|x86
		Release|x64 = Release|x64
		Release|x86 = Release|x86
	EndGlobalSection
	GlobalSection(ProjectConfigurationPlatforms) = postSolution
		{4BFE14C8-A969-48C2-AAC8-79D1AF630515}.Debug|x64.ActiveCfg = Debug|x64
		{4BFE14C8-A969-48C2-AAC8-79D1AF630515}.Debug|x64.Build.0 = Debug|x64
		{4BFE14C8-A969-48C2-AAC8-79D1AF630515}.Debug|x86.ActiveCfg = Debug|Win32
		{4BFE14C8-A969-48C2-AAC8-79D1AF630515}.Debug|x86.Build.0 = Debug|Win32
		{4BFE14C8-A969-48C2-AAC8-79D1AF630515}.Release|x64.ActiveCfg = Release|x64
		{4BFE14C8-A969-48C2-AAC8-79D1AF630515}.Release|x64.Build.0 = Release|x64
		{4BFE14C8-A969-48C2-AAC8-79D1AF630515}.Release|x86.ActiveCfg = Release|Win32
		{4BFE14C8-A969-48C2-AAC8-79D1AF630515}.Release|x86.Build.0 = Release|Win32
	EndGlobalSection
	GlobalSection(SolutionProperties) = preSolution
		HideSolutionNode = FALSE
	EndGlobalSection
	GlobalSection(ExtensibilityGlobals) = postSolution
		SolutionGuid = {46B25BEA-A030-4AE7-97C9-E6F2E4C1ACE7}
	EndGlobalSection
EndGlobal
