
Microsoft Visual Studio Solution File, Format Version 12.00
# Visual Studio 15
VisualStudioVersion = 15.0.27130.2036
MinimumVisualStudioVersion = 10.0.40219.1
Project("{8BC9CEB8-8B4A-11D0-8D11-00A0C91BC942}") = "6_2_count_string", "6_2_count_string\6_2_count_string.vcxproj", "{0E5A64D0-D812-48BF-AFD4-C758B24160CB}"
EndProject
Global
	GlobalSection(SolutionConfigurationPlatforms) = preSolution
		Debug|x64 = Debug|x64
		Debug|x86 = Debug|x86
		Release|x64 = Release|x64
		Release|x86 = Release|x86
	EndGlobalSection
	GlobalSection(ProjectConfigurationPlatforms) = postSolution
		{0E5A64D0-D812-48BF-AFD4-C758B24160CB}.Debug|x64.ActiveCfg = Debug|x64
		{0E5A64D0-D812-48BF-AFD4-C758B24160CB}.Debug|x64.Build.0 = Debug|x64
		{0E5A64D0-D812-48BF-AFD4-C758B24160CB}.Debug|x86.ActiveCfg = Debug|Win32
		{0E5A64D0-D812-48BF-AFD4-C758B24160CB}.Debug|x86.Build.0 = Debug|Win32
		{0E5A64D0-D812-48BF-AFD4-C758B24160CB}.Release|x64.ActiveCfg = Release|x64
		{0E5A64D0-D812-48BF-AFD4-C758B24160CB}.Release|x64.Build.0 = Release|x64
		{0E5A64D0-D812-48BF-AFD4-C758B24160CB}.Release|x86.ActiveCfg = Release|Win32
		{0E5A64D0-D812-48BF-AFD4-C758B24160CB}.Release|x86.Build.0 = Release|Win32
	EndGlobalSection
	GlobalSection(SolutionProperties) = preSolution
		HideSolutionNode = FALSE
	EndGlobalSection
	GlobalSection(ExtensibilityGlobals) = postSolution
		SolutionGuid = {00211C14-DE0C-40B1-B963-B4F9CF3F68BA}
	EndGlobalSection
EndGlobal
