
Microsoft Visual Studio Solution File, Format Version 12.00
# Visual Studio 15
VisualStudioVersion = 15.0.27130.2036
MinimumVisualStudioVersion = 10.0.40219.1
Project("{8BC9CEB8-8B4A-11D0-8D11-00A0C91BC942}") = "4_1_reverse_matrix", "4_1_reverse_matrix\4_1_reverse_matrix.vcxproj", "{5E23EAFA-D8BE-4C60-935D-C3573CC6C5A4}"
EndProject
Global
	GlobalSection(SolutionConfigurationPlatforms) = preSolution
		Debug|x64 = Debug|x64
		Debug|x86 = Debug|x86
		Release|x64 = Release|x64
		Release|x86 = Release|x86
	EndGlobalSection
	GlobalSection(ProjectConfigurationPlatforms) = postSolution
		{5E23EAFA-D8BE-4C60-935D-C3573CC6C5A4}.Debug|x64.ActiveCfg = Debug|x64
		{5E23EAFA-D8BE-4C60-935D-C3573CC6C5A4}.Debug|x64.Build.0 = Debug|x64
		{5E23EAFA-D8BE-4C60-935D-C3573CC6C5A4}.Debug|x86.ActiveCfg = Debug|Win32
		{5E23EAFA-D8BE-4C60-935D-C3573CC6C5A4}.Debug|x86.Build.0 = Debug|Win32
		{5E23EAFA-D8BE-4C60-935D-C3573CC6C5A4}.Release|x64.ActiveCfg = Release|x64
		{5E23EAFA-D8BE-4C60-935D-C3573CC6C5A4}.Release|x64.Build.0 = Release|x64
		{5E23EAFA-D8BE-4C60-935D-C3573CC6C5A4}.Release|x86.ActiveCfg = Release|Win32
		{5E23EAFA-D8BE-4C60-935D-C3573CC6C5A4}.Release|x86.Build.0 = Release|Win32
	EndGlobalSection
	GlobalSection(SolutionProperties) = preSolution
		HideSolutionNode = FALSE
	EndGlobalSection
	GlobalSection(ExtensibilityGlobals) = postSolution
		SolutionGuid = {56CCB61D-CD5C-45C5-A062-49C22676A933}
	EndGlobalSection
EndGlobal
